
Microsoft Visual Studio Solution File, Format Version 12.00
# Visual Studio Version 16
VisualStudioVersion = 16.0.28809.33
MinimumVisualStudioVersion = 10.0.40219.1
Project("{9A19103F-16F7-4668-BE54-9A1E7A4F7556}") = "Tolitech.CodeGenerator.Logging.File", "File\Tolitech.CodeGenerator.Logging.File.csproj", "{BD2FF6BE-FAF4-4280-84A0-6CAAC18BC656}"
EndProject
Project("{9A19103F-16F7-4668-BE54-9A1E7A4F7556}") = "Tolitech.CodeGenerator.Logging", "..\..\Logging\master\Logging\Tolitech.CodeGenerator.Logging.csproj", "{DDF5EDB5-2EE3-4B6F-90A4-CAC0FC0D7C22}"
EndProject
Global
	GlobalSection(SolutionConfigurationPlatforms) = preSolution
		Debug|Any CPU = Debug|Any CPU
		Release|Any CPU = Release|Any CPU
	EndGlobalSection
	GlobalSection(ProjectConfigurationPlatforms) = postSolution
		{BD2FF6BE-FAF4-4280-84A0-6CAAC18BC656}.Debug|Any CPU.ActiveCfg = Debug|Any CPU
		{BD2FF6BE-FAF4-4280-84A0-6CAAC18BC656}.Debug|Any CPU.Build.0 = Debug|Any CPU
		{BD2FF6BE-FAF4-4280-84A0-6CAAC18BC656}.Release|Any CPU.ActiveCfg = Release|Any CPU
		{BD2FF6BE-FAF4-4280-84A0-6CAAC18BC656}.Release|Any CPU.Build.0 = Release|Any CPU
		{DDF5EDB5-2EE3-4B6F-90A4-CAC0FC0D7C22}.Debug|Any CPU.ActiveCfg = Debug|Any CPU
		{DDF5EDB5-2EE3-4B6F-90A4-CAC0FC0D7C22}.Debug|Any CPU.Build.0 = Debug|Any CPU
		{DDF5EDB5-2EE3-4B6F-90A4-CAC0FC0D7C22}.Release|Any CPU.ActiveCfg = Release|Any CPU
		{DDF5EDB5-2EE3-4B6F-90A4-CAC0FC0D7C22}.Release|Any CPU.Build.0 = Release|Any CPU
	EndGlobalSection
	GlobalSection(SolutionProperties) = preSolution
		HideSolutionNode = FALSE
	EndGlobalSection
	GlobalSection(ExtensibilityGlobals) = postSolution
		SolutionGuid = {102E08E3-0509-4076-93C1-3925530B588C}
	EndGlobalSection
EndGlobal
